
Microsoft Visual Studio Solution File, Format Version 12.00
# Visual Studio Version 16
VisualStudioVersion = 16.0.33801.447
MinimumVisualStudioVersion = 10.0.40219.1
Project("{FAE04EC0-301F-11D3-BF4B-00C04F79EFBC}") = "StopWatch", "StopWatch\StopWatch.csproj", "{F00FC4B1-79F2-4FC2-A605-AF2493438C1C}"
EndProject
Global
	GlobalSection(SolutionConfigurationPlatforms) = preSolution
		Debug|Any CPU = Debug|Any CPU
		Release|Any CPU = Release|Any CPU
	EndGlobalSection
	GlobalSection(ProjectConfigurationPlatforms) = postSolution
		{F00FC4B1-79F2-4FC2-A605-AF2493438C1C}.Debug|Any CPU.ActiveCfg = Debug|Any CPU
		{F00FC4B1-79F2-4FC2-A605-AF2493438C1C}.Debug|Any CPU.Build.0 = Debug|Any CPU
		{F00FC4B1-79F2-4FC2-A605-AF2493438C1C}.Release|Any CPU.ActiveCfg = Release|Any CPU
		{F00FC4B1-79F2-4FC2-A605-AF2493438C1C}.Release|Any CPU.Build.0 = Release|Any CPU
	EndGlobalSection
	GlobalSection(SolutionProperties) = preSolution
		HideSolutionNode = FALSE
	EndGlobalSection
	GlobalSection(ExtensibilityGlobals) = postSolution
		SolutionGuid = {3AD53656-5F4F-4550-A8B0-578D7FF964EA}
	EndGlobalSection
EndGlobal
